
Microsoft Visual Studio Solution File, Format Version 12.00
# Visual Studio Version 16
VisualStudioVersion = 16.0.30413.136
MinimumVisualStudioVersion = 10.0.40219.1
Project("{FAE04EC0-301F-11D3-BF4B-00C04F79EFBC}") = "ContosoUniversity", "ContosoUniversity\ContosoUniversity.csproj", "{9B53E2B6-23F4-46C5-862E-034F4D22A546}"
EndProject
Global
	GlobalSection(SolutionConfigurationPlatforms) = preSolution
		Debug|Any CPU = Debug|Any CPU
		Release|Any CPU = Release|Any CPU
	EndGlobalSection
	GlobalSection(ProjectConfigurationPlatforms) = postSolution
		{9B53E2B6-23F4-46C5-862E-034F4D22A546}.Debug|Any CPU.ActiveCfg = Debug|Any CPU
		{9B53E2B6-23F4-46C5-862E-034F4D22A546}.Debug|Any CPU.Build.0 = Debug|Any CPU
		{9B53E2B6-23F4-46C5-862E-034F4D22A546}.Release|Any CPU.ActiveCfg = Release|Any CPU
		{9B53E2B6-23F4-46C5-862E-034F4D22A546}.Release|Any CPU.Build.0 = Release|Any CPU
	EndGlobalSection
	GlobalSection(SolutionProperties) = preSolution
		HideSolutionNode = FALSE
	EndGlobalSection
	GlobalSection(ExtensibilityGlobals) = postSolution
		SolutionGuid = {764475A2-C33D-425D-86E1-46B56F642756}
	EndGlobalSection
EndGlobal
